// !$*UTF8*$!
{
	archiveVersion = 1;
	classes = {
	};
	objectVersion = 50;
	objects = {

/* Begin PBXBuildFile section */
		71F9C2A715F880A1C486C1C5 /* Pods_LoginTests.framework in Frameworks */ = {isa = PBXBuildFile; fileRef = 5F68EF7DB70009D82481C91F /* Pods_LoginTests.framework */; };
		937B9490AA68D2C2E2121E57 /* Pods_LoginUITests.framework in Frameworks */ = {isa = PBXBuildFile; fileRef = AAAC7B9CC237B7C541EA3FEC /* Pods_LoginUITests.framework */; };
		A8221AAD212D000600FE0DBD /* AppDelegate.swift in Sources */ = {isa = PBXBuildFile; fileRef = A8221AAC212D000600FE0DBD /* AppDelegate.swift */; };
		A8221AAF212D000600FE0DBD /* ViewController.swift in Sources */ = {isa = PBXBuildFile; fileRef = A8221AAE212D000600FE0DBD /* ViewController.swift */; };
		A8221AB2212D000600FE0DBD /* Main.storyboard in Resources */ = {isa = PBXBuildFile; fileRef = A8221AB0212D000600FE0DBD /* Main.storyboard */; };
		A8221AB4212D000700FE0DBD /* Assets.xcassets in Resources */ = {isa = PBXBuildFile; fileRef = A8221AB3212D000700FE0DBD /* Assets.xcassets */; };
		A8221AB7212D000700FE0DBD /* LaunchScreen.storyboard in Resources */ = {isa = PBXBuildFile; fileRef = A8221AB5212D000700FE0DBD /* LaunchScreen.storyboard */; };
		A8221AC2212D000800FE0DBD /* LoginTests.swift in Sources */ = {isa = PBXBuildFile; fileRef = A8221AC1212D000800FE0DBD /* LoginTests.swift */; };
		A8221ACD212D000800FE0DBD /* LoginUITests.swift in Sources */ = {isa = PBXBuildFile; fileRef = A8221ACC212D000800FE0DBD /* LoginUITests.swift */; };
		A8221ADD212D070200FE0DBD /* TweeAttributedTextField.swift in Sources */ = {isa = PBXBuildFile; fileRef = A8221ADC212D070200FE0DBD /* TweeAttributedTextField.swift */; };
		A8221AE1212D0B1F00FE0DBD /* BackGroundVideo.swift in Sources */ = {isa = PBXBuildFile; fileRef = A8221AE0212D0B1F00FE0DBD /* BackGroundVideo.swift */; };
		A8221AE3212D0D3700FE0DBD /* Rain_Fire.mp4 in Resources */ = {isa = PBXBuildFile; fileRef = A8221AE2212D0D3700FE0DBD /* Rain_Fire.mp4 */; };
		A8221AE6212D119600FE0DBD /* CornerView.swift in Sources */ = {isa = PBXBuildFile; fileRef = A8221AE5212D119600FE0DBD /* CornerView.swift */; };
		A8221AE9212D2F0100FE0DBD /*  hideKeyboardWhenTappedAround .swift in Sources */ = {isa = PBXBuildFile; fileRef = A8221AE8212D2F0100FE0DBD /*  hideKeyboardWhenTappedAround .swift */; };
		A8221AEC212D3D3900FE0DBD /* CoreData.xcdatamodeld in Sources */ = {isa = PBXBuildFile; fileRef = A8221AEA212D3D3900FE0DBD /* CoreData.xcdatamodeld */; };
		A8221B2C212D427B00FE0DBD /* Register.storyboard in Resources */ = {isa = PBXBuildFile; fileRef = A8221B2B212D427B00FE0DBD /* Register.storyboard */; };
		A8221B2E212D429300FE0DBD /* RegisterViewController.swift in Sources */ = {isa = PBXBuildFile; fileRef = A8221B2D212D429300FE0DBD /* RegisterViewController.swift */; };
		A8221B31212D5ABE00FE0DBD /* Home.storyboard in Resources */ = {isa = PBXBuildFile; fileRef = A8221B30212D5ABE00FE0DBD /* Home.storyboard */; };
		A8221B33212D5ACC00FE0DBD /* HomeViewController.swift in Sources */ = {isa = PBXBuildFile; fileRef = A8221B32212D5ACC00FE0DBD /* HomeViewController.swift */; };
		A8221B36212D679900FE0DBD /* Utils.swift in Sources */ = {isa = PBXBuildFile; fileRef = A8221B35212D679900FE0DBD /* Utils.swift */; };
		A8EAC4EAFD5BA46FFB8A184E /* Pods_Login.framework in Frameworks */ = {isa = PBXBuildFile; fileRef = 256E9EC3544818AF659AB859 /* Pods_Login.framework */; };
/* End PBXBuildFile section */

/* Begin PBXContainerItemProxy section */
		A8221ABE212D000800FE0DBD /* PBXContainerItemProxy */ = {
			isa = PBXContainerItemProxy;
			containerPortal = A8221AA1212D000600FE0DBD /* Project object */;
			proxyType = 1;
			remoteGlobalIDString = A8221AA8212D000600FE0DBD;
			remoteInfo = Login;
		};
		A8221AC9212D000800FE0DBD /* PBXContainerItemProxy */ = {
			isa = PBXContainerItemProxy;
			containerPortal = A8221AA1212D000600FE0DBD /* Project object */;
			proxyType = 1;
			remoteGlobalIDString = A8221AA8212D000600FE0DBD;
			remoteInfo = Login;
		};
/* End PBXContainerItemProxy section */

/* Begin PBXFileReference section */
		130A06866C525699083F0F0A /* Pods-Login.release.xcconfig */ = {isa = PBXFileReference; includeInIndex = 1; lastKnownFileType = text.xcconfig; name = "Pods-Login.release.xcconfig"; path = "Pods/Target Support Files/Pods-Login/Pods-Login.release.xcconfig"; sourceTree = "<group>"; };
		256E9EC3544818AF659AB859 /* Pods_Login.framework */ = {isa = PBXFileReference; explicitFileType = wrapper.framework; includeInIndex = 0; path = Pods_Login.framework; sourceTree = BUILT_PRODUCTS_DIR; };
		2CC6170A43181EEF9508F2D9 /* Pods-LoginTests.debug.xcconfig */ = {isa = PBXFileReference; includeInIndex = 1; lastKnownFileType = text.xcconfig; name = "Pods-LoginTests.debug.xcconfig"; path = "Pods/Target Support Files/Pods-LoginTests/Pods-LoginTests.debug.xcconfig"; sourceTree = "<group>"; };
		2D8DC8404FDB0E3337D50B6D /* Pods-LoginTests.release.xcconfig */ = {isa = PBXFileReference; includeInIndex = 1; lastKnownFileType = text.xcconfig; name = "Pods-LoginTests.release.xcconfig"; path = "Pods/Target Support Files/Pods-LoginTests/Pods-LoginTests.release.xcconfig"; sourceTree = "<group>"; };
		3C9C2EBDF08049C3BF5431C0 /* Pods-Login.debug.xcconfig */ = {isa = PBXFileReference; includeInIndex = 1; lastKnownFileType = text.xcconfig; name = "Pods-Login.debug.xcconfig"; path = "Pods/Target Support Files/Pods-Login/Pods-Login.debug.xcconfig"; sourceTree = "<group>"; };
		5F68EF7DB70009D82481C91F /* Pods_LoginTests.framework */ = {isa = PBXFileReference; explicitFileType = wrapper.framework; includeInIndex = 0; path = Pods_LoginTests.framework; sourceTree = BUILT_PRODUCTS_DIR; };
		694AAC066E1C288644A72484 /* Pods-LoginUITests.debug.xcconfig */ = {isa = PBXFileReference; includeInIndex = 1; lastKnownFileType = text.xcconfig; name = "Pods-LoginUITests.debug.xcconfig"; path = "Pods/Target Support Files/Pods-LoginUITests/Pods-LoginUITests.debug.xcconfig"; sourceTree = "<group>"; };
		A8221AA9212D000600FE0DBD /* Login.app */ = {isa = PBXFileReference; explicitFileType = wrapper.application; includeInIndex = 0; path = Login.app; sourceTree = BUILT_PRODUCTS_DIR; };
		A8221AAC212D000600FE0DBD /* AppDelegate.swift */ = {isa = PBXFileReference; lastKnownFileType = sourcecode.swift; path = AppDelegate.swift; sourceTree = "<group>"; };
		A8221AAE212D000600FE0DBD /* ViewController.swift */ = {isa = PBXFileReference; lastKnownFileType = sourcecode.swift; path = ViewController.swift; sourceTree = "<group>"; };
		A8221AB1212D000600FE0DBD /* Base */ = {isa = PBXFileReference; lastKnownFileType = file.storyboard; name = Base; path = Base.lproj/Main.storyboard; sourceTree = "<group>"; };
		A8221AB3212D000700FE0DBD /* Assets.xcassets */ = {isa = PBXFileReference; lastKnownFileType = folder.assetcatalog; path = Assets.xcassets; sourceTree = "<group>"; };
		A8221AB6212D000700FE0DBD /* Base */ = {isa = PBXFileReference; lastKnownFileType = file.storyboard; name = Base; path = Base.lproj/LaunchScreen.storyboard; sourceTree = "<group>"; };
		A8221AB8212D000700FE0DBD /* Info.plist */ = {isa = PBXFileReference; lastKnownFileType = text.plist.xml; path = Info.plist; sourceTree = "<group>"; };
		A8221ABD212D000800FE0DBD /* LoginTests.xctest */ = {isa = PBXFileReference; explicitFileType = wrapper.cfbundle; includeInIndex = 0; path = LoginTests.xctest; sourceTree = BUILT_PRODUCTS_DIR; };
		A8221AC1212D000800FE0DBD /* LoginTests.swift */ = {isa = PBXFileReference; lastKnownFileType = sourcecode.swift; path = LoginTests.swift; sourceTree = "<group>"; };
		A8221AC3212D000800FE0DBD /* Info.plist */ = {isa = PBXFileReference; lastKnownFileType = text.plist.xml; path = Info.plist; sourceTree = "<group>"; };
		A8221AC8212D000800FE0DBD /* LoginUITests.xctest */ = {isa = PBXFileReference; explicitFileType = wrapper.cfbundle; includeInIndex = 0; path = LoginUITests.xctest; sourceTree = BUILT_PRODUCTS_DIR; };
		A8221ACC212D000800FE0DBD /* LoginUITests.swift */ = {isa = PBXFileReference; lastKnownFileType = sourcecode.swift; path = LoginUITests.swift; sourceTree = "<group>"; };
		A8221ACE212D000800FE0DBD /* Info.plist */ = {isa = PBXFileReference; lastKnownFileType = text.plist.xml; path = Info.plist; sourceTree = "<group>"; };
		A8221ADC212D070200FE0DBD /* TweeAttributedTextField.swift */ = {isa = PBXFileReference; lastKnownFileType = sourcecode.swift; path = TweeAttributedTextField.swift; sourceTree = "<group>"; };
		A8221AE0212D0B1F00FE0DBD /* BackGroundVideo.swift */ = {isa = PBXFileReference; lastKnownFileType = sourcecode.swift; path = BackGroundVideo.swift; sourceTree = "<group>"; };
		A8221AE2212D0D3700FE0DBD /* Rain_Fire.mp4 */ = {isa = PBXFileReference; lastKnownFileType = file; path = Rain_Fire.mp4; sourceTree = "<group>"; };
		A8221AE5212D119600FE0DBD /* CornerView.swift */ = {isa = PBXFileReference; lastKnownFileType = sourcecode.swift; path = CornerView.swift; sourceTree = "<group>"; };
		A8221AE8212D2F0100FE0DBD /*  hideKeyboardWhenTappedAround .swift */ = {isa = PBXFileReference; lastKnownFileType = sourcecode.swift; path = " hideKeyboardWhenTappedAround .swift"; sourceTree = "<group>"; };
		A8221AEB212D3D3900FE0DBD /* CoreData.xcdatamodel */ = {isa = PBXFileReference; lastKnownFileType = wrapper.xcdatamodel; path = CoreData.xcdatamodel; sourceTree = "<group>"; };
		A8221B2B212D427B00FE0DBD /* Register.storyboard */ = {isa = PBXFileReference; lastKnownFileType = file.storyboard; path = Register.storyboard; sourceTree = "<group>"; };
		A8221B2D212D429300FE0DBD /* RegisterViewController.swift */ = {isa = PBXFileReference; lastKnownFileType = sourcecode.swift; path = RegisterViewController.swift; sourceTree = "<group>"; };
		A8221B30212D5ABE00FE0DBD /* Home.storyboard */ = {isa = PBXFileReference; lastKnownFileType = file.storyboard; path = Home.storyboard; sourceTree = "<group>"; };
		A8221B32212D5ACC00FE0DBD /* HomeViewController.swift */ = {isa = PBXFileReference; lastKnownFileType = sourcecode.swift; path = HomeViewController.swift; sourceTree = "<group>"; };
		A8221B35212D679900FE0DBD /* Utils.swift */ = {isa = PBXFileReference; lastKnownFileType = sourcecode.swift; path = Utils.swift; sourceTree = "<group>"; };
		AAAC7B9CC237B7C541EA3FEC /* Pods_LoginUITests.framework */ = {isa = PBXFileReference; explicitFileType = wrapper.framework; includeInIndex = 0; path = Pods_LoginUITests.framework; sourceTree = BUILT_PRODUCTS_DIR; };
		C493656022338DEA97C020BC /* Pods-LoginUITests.release.xcconfig */ = {isa = PBXFileReference; includeInIndex = 1; lastKnownFileType = text.xcconfig; name = "Pods-LoginUITests.release.xcconfig"; path = "Pods/Target Support Files/Pods-LoginUITests/Pods-LoginUITests.release.xcconfig"; sourceTree = "<group>"; };
/* End PBXFileReference section */

/* Begin PBXFrameworksBuildPhase section */
		A8221AA6212D000600FE0DBD /* Frameworks */ = {
			isa = PBXFrameworksBuildPhase;
			buildActionMask = 2147483647;
			files = (
				A8EAC4EAFD5BA46FFB8A184E /* Pods_Login.framework in Frameworks */,
			);
			runOnlyForDeploymentPostprocessing = 0;
		};
		A8221ABA212D000800FE0DBD /* Frameworks */ = {
			isa = PBXFrameworksBuildPhase;
			buildActionMask = 2147483647;
			files = (
				71F9C2A715F880A1C486C1C5 /* Pods_LoginTests.framework in Frameworks */,
			);
			runOnlyForDeploymentPostprocessing = 0;
		};
		A8221AC5212D000800FE0DBD /* Frameworks */ = {
			isa = PBXFrameworksBuildPhase;
			buildActionMask = 2147483647;
			files = (
				937B9490AA68D2C2E2121E57 /* Pods_LoginUITests.framework in Frameworks */,
			);
			runOnlyForDeploymentPostprocessing = 0;
		};
/* End PBXFrameworksBuildPhase section */

/* Begin PBXGroup section */
		867027A20DF2E7D38AA3F82F /* Frameworks */ = {
			isa = PBXGroup;
			children = (
				256E9EC3544818AF659AB859 /* Pods_Login.framework */,
				5F68EF7DB70009D82481C91F /* Pods_LoginTests.framework */,
				AAAC7B9CC237B7C541EA3FEC /* Pods_LoginUITests.framework */,
			);
			name = Frameworks;
			sourceTree = "<group>";
		};
		8A6892B6ECDB50D9233D4CBD /* Pods */ = {
			isa = PBXGroup;
			children = (
				3C9C2EBDF08049C3BF5431C0 /* Pods-Login.debug.xcconfig */,
				130A06866C525699083F0F0A /* Pods-Login.release.xcconfig */,
				2CC6170A43181EEF9508F2D9 /* Pods-LoginTests.debug.xcconfig */,
				2D8DC8404FDB0E3337D50B6D /* Pods-LoginTests.release.xcconfig */,
				694AAC066E1C288644A72484 /* Pods-LoginUITests.debug.xcconfig */,
				C493656022338DEA97C020BC /* Pods-LoginUITests.release.xcconfig */,
			);
			name = Pods;
			sourceTree = "<group>";
		};
		A8221AA0212D000600FE0DBD = {
			isa = PBXGroup;
			children = (
				A8221B34212D678400FE0DBD /* Utils */,
				A8221B2F212D5AAC00FE0DBD /* Home */,
				A8221B2A212D426200FE0DBD /* Register */,
				A8221AAB212D000600FE0DBD /* Login */,
				A8221AC0212D000800FE0DBD /* LoginTests */,
				A8221ACB212D000800FE0DBD /* LoginUITests */,
				A8221AAA212D000600FE0DBD /* Products */,
				8A6892B6ECDB50D9233D4CBD /* Pods */,
				867027A20DF2E7D38AA3F82F /* Frameworks */,
			);
			sourceTree = "<group>";
		};
		A8221AAA212D000600FE0DBD /* Products */ = {
			isa = PBXGroup;
			children = (
				A8221AA9212D000600FE0DBD /* Login.app */,
				A8221ABD212D000800FE0DBD /* LoginTests.xctest */,
				A8221AC8212D000800FE0DBD /* LoginUITests.xctest */,
			);
			name = Products;
			sourceTree = "<group>";
		};
		A8221AAB212D000600FE0DBD /* Login */ = {
			isa = PBXGroup;
			children = (
				A8221ADA212D06B100FE0DBD /* View */,
				A8221AAC212D000600FE0DBD /* AppDelegate.swift */,
				A8221AAE212D000600FE0DBD /* ViewController.swift */,
				A8221AB0212D000600FE0DBD /* Main.storyboard */,
				A8221AB3212D000700FE0DBD /* Assets.xcassets */,
				A8221AB5212D000700FE0DBD /* LaunchScreen.storyboard */,
				A8221AB8212D000700FE0DBD /* Info.plist */,
				A8221AEA212D3D3900FE0DBD /* CoreData.xcdatamodeld */,
			);
			path = Login;
			sourceTree = "<group>";
		};
		A8221AC0212D000800FE0DBD /* LoginTests */ = {
			isa = PBXGroup;
			children = (
				A8221AC1212D000800FE0DBD /* LoginTests.swift */,
				A8221AC3212D000800FE0DBD /* Info.plist */,
			);
			path = LoginTests;
			sourceTree = "<group>";
		};
		A8221ACB212D000800FE0DBD /* LoginUITests */ = {
			isa = PBXGroup;
			children = (
				A8221ACC212D000800FE0DBD /* LoginUITests.swift */,
				A8221ACE212D000800FE0DBD /* Info.plist */,
			);
			path = LoginUITests;
			sourceTree = "<group>";
		};
		A8221ADA212D06B100FE0DBD /* View */ = {
			isa = PBXGroup;
			children = (
				A8221AE7212D25F600FE0DBD /* hideKeyboard */,
				A8221AE4212D118A00FE0DBD /* CornerView */,
				A8221ADE212D0AEC00FE0DBD /* VideoBackGround */,
				A8221ADB212D06B100FE0DBD /* TweeAttributedTextField */,
			);
			path = View;
			sourceTree = "<group>";
		};
		A8221ADB212D06B100FE0DBD /* TweeAttributedTextField */ = {
			isa = PBXGroup;
			children = (
				A8221ADC212D070200FE0DBD /* TweeAttributedTextField.swift */,
			);
			path = TweeAttributedTextField;
			sourceTree = "<group>";
		};
		A8221ADE212D0AEC00FE0DBD /* VideoBackGround */ = {
			isa = PBXGroup;
			children = (
				A8221AE2212D0D3700FE0DBD /* Rain_Fire.mp4 */,
				A8221AE0212D0B1F00FE0DBD /* BackGroundVideo.swift */,
			);
			path = VideoBackGround;
			sourceTree = "<group>";
		};
		A8221AE4212D118A00FE0DBD /* CornerView */ = {
			isa = PBXGroup;
			children = (
				A8221AE5212D119600FE0DBD /* CornerView.swift */,
			);
			path = CornerView;
			sourceTree = "<group>";
		};
		A8221AE7212D25F600FE0DBD /* hideKeyboard */ = {
			isa = PBXGroup;
			children = (
				A8221AE8212D2F0100FE0DBD /*  hideKeyboardWhenTappedAround .swift */,
			);
			path = hideKeyboard;
			sourceTree = "<group>";
		};
		A8221B2A212D426200FE0DBD /* Register */ = {
			isa = PBXGroup;
			children = (
				A8221B2B212D427B00FE0DBD /* Register.storyboard */,
				A8221B2D212D429300FE0DBD /* RegisterViewController.swift */,
			);
			path = Register;
			sourceTree = "<group>";
		};
		A8221B2F212D5AAC00FE0DBD /* Home */ = {
			isa = PBXGroup;
			children = (
				A8221B30212D5ABE00FE0DBD /* Home.storyboard */,
				A8221B32212D5ACC00FE0DBD /* HomeViewController.swift */,
			);
			path = Home;
			sourceTree = "<group>";
		};
		A8221B34212D678400FE0DBD /* Utils */ = {
			isa = PBXGroup;
			children = (
				A8221B35212D679900FE0DBD /* Utils.swift */,
			);
			path = Utils;
			sourceTree = "<group>";
		};
/* End PBXGroup section */

/* Begin PBXNativeTarget section */
		A8221AA8212D000600FE0DBD /* Login */ = {
			isa = PBXNativeTarget;
			buildConfigurationList = A8221AD1212D000800FE0DBD /* Build configuration list for PBXNativeTarget "Login" */;
			buildPhases = (
				ED1AA51CC7DBE90B92F82B81 /* [CP] Check Pods Manifest.lock */,
				A8221AA5212D000600FE0DBD /* Sources */,
				A8221AA6212D000600FE0DBD /* Frameworks */,
				A8221AA7212D000600FE0DBD /* Resources */,
				B86BA85098D155C03655C315 /* [CP] Embed Pods Frameworks */,
			);
			buildRules = (
			);
			dependencies = (
			);
			name = Login;
			productName = Login;
			productReference = A8221AA9212D000600FE0DBD /* Login.app */;
			productType = "com.apple.product-type.application";
		};
		A8221ABC212D000800FE0DBD /* LoginTests */ = {
			isa = PBXNativeTarget;
			buildConfigurationList = A8221AD4212D000800FE0DBD /* Build configuration list for PBXNativeTarget "LoginTests" */;
			buildPhases = (
				16A22F63F9152319AD3B540F /* [CP] Check Pods Manifest.lock */,
				A8221AB9212D000800FE0DBD /* Sources */,
				A8221ABA212D000800FE0DBD /* Frameworks */,
				A8221ABB212D000800FE0DBD /* Resources */,
			);
			buildRules = (
			);
			dependencies = (
				A8221ABF212D000800FE0DBD /* PBXTargetDependency */,
			);
			name = LoginTests;
			productName = LoginTests;
			productReference = A8221ABD212D000800FE0DBD /* LoginTests.xctest */;
			productType = "com.apple.product-type.bundle.unit-test";
		};
		A8221AC7212D000800FE0DBD /* LoginUITests */ = {
			isa = PBXNativeTarget;
			buildConfigurationList = A8221AD7212D000800FE0DBD /* Build configuration list for PBXNativeTarget "LoginUITests" */;
			buildPhases = (
				6BD809E3714EA7621C87C896 /* [CP] Check Pods Manifest.lock */,
				A8221AC4212D000800FE0DBD /* Sources */,
				A8221AC5212D000800FE0DBD /* Frameworks */,
				A8221AC6212D000800FE0DBD /* Resources */,
			);
			buildRules = (
			);
			dependencies = (
				A8221ACA212D000800FE0DBD /* PBXTargetDependency */,
			);
			name = LoginUITests;
			productName = LoginUITests;
			productReference = A8221AC8212D000800FE0DBD /* LoginUITests.xctest */;
			productType = "com.apple.product-type.bundle.ui-testing";
		};
/* End PBXNativeTarget section */

/* Begin PBXProject section */
		A8221AA1212D000600FE0DBD /* Project object */ = {
			isa = PBXProject;
			attributes = {
				LastSwiftUpdateCheck = 0940;
				LastUpgradeCheck = 0940;
				ORGANIZATIONNAME = "Việt Nguyễn";
				TargetAttributes = {
					A8221AA8212D000600FE0DBD = {
						CreatedOnToolsVersion = 9.4.1;
					};
					A8221ABC212D000800FE0DBD = {
						CreatedOnToolsVersion = 9.4.1;
						TestTargetID = A8221AA8212D000600FE0DBD;
					};
					A8221AC7212D000800FE0DBD = {
						CreatedOnToolsVersion = 9.4.1;
						TestTargetID = A8221AA8212D000600FE0DBD;
					};
				};
			};
			buildConfigurationList = A8221AA4212D000600FE0DBD /* Build configuration list for PBXProject "Login" */;
			compatibilityVersion = "Xcode 9.3";
			developmentRegion = en;
			hasScannedForEncodings = 0;
			knownRegions = (
				en,
				Base,
			);
			mainGroup = A8221AA0212D000600FE0DBD;
			productRefGroup = A8221AAA212D000600FE0DBD /* Products */;
			projectDirPath = "";
			projectRoot = "";
			targets = (
				A8221AA8212D000600FE0DBD /* Login */,
				A8221ABC212D000800FE0DBD /* LoginTests */,
				A8221AC7212D000800FE0DBD /* LoginUITests */,
			);
		};
/* End PBXProject section */

/* Begin PBXResourcesBuildPhase section */
		A8221AA7212D000600FE0DBD /* Resources */ = {
			isa = PBXResourcesBuildPhase;
			buildActionMask = 2147483647;
			files = (
				A8221AB7212D000700FE0DBD /* LaunchScreen.storyboard in Resources */,
				A8221AB4212D000700FE0DBD /* Assets.xcassets in Resources */,
				A8221AB2212D000600FE0DBD /* Main.storyboard in Resources */,
				A8221B31212D5ABE00FE0DBD /* Home.storyboard in Resources */,
				A8221AE3212D0D3700FE0DBD /* Rain_Fire.mp4 in Resources */,
				A8221B2C212D427B00FE0DBD /* Register.storyboard in Resources */,
			);
			runOnlyForDeploymentPostprocessing = 0;
		};
		A8221ABB212D000800FE0DBD /* Resources */ = {
			isa = PBXResourcesBuildPhase;
			buildActionMask = 2147483647;
			files = (
			);
			runOnlyForDeploymentPostprocessing = 0;
		};
		A8221AC6212D000800FE0DBD /* Resources */ = {
			isa = PBXResourcesBuildPhase;
			buildActionMask = 2147483647;
			files = (
			);
			runOnlyForDeploymentPostprocessing = 0;
		};
/* End PBXResourcesBuildPhase section */

/* Begin PBXShellScriptBuildPhase section */
		16A22F63F9152319AD3B540F /* [CP] Check Pods Manifest.lock */ = {
			isa = PBXShellScriptBuildPhase;
			buildActionMask = 2147483647;
			files = (
			);
			inputPaths = (
				"${PODS_PODFILE_DIR_PATH}/Podfile.lock",
				"${PODS_ROOT}/Manifest.lock",
			);
			name = "[CP] Check Pods Manifest.lock";
			outputPaths = (
				"$(DERIVED_FILE_DIR)/Pods-LoginTests-checkManifestLockResult.txt",
			);
			runOnlyForDeploymentPostprocessing = 0;
			shellPath = /bin/sh;
			shellScript = "diff \"${PODS_PODFILE_DIR_PATH}/Podfile.lock\" \"${PODS_ROOT}/Manifest.lock\" > /dev/null\nif [ $? != 0 ] ; then\n    # print error to STDERR\n    echo \"error: The sandbox is not in sync with the Podfile.lock. Run 'pod install' or update your CocoaPods installation.\" >&2\n    exit 1\nfi\n# This output is used by Xcode 'outputs' to avoid re-running this script phase.\necho \"SUCCESS\" > \"${SCRIPT_OUTPUT_FILE_0}\"\n";
			showEnvVarsInLog = 0;
		};
		6BD809E3714EA7621C87C896 /* [CP] Check Pods Manifest.lock */ = {
			isa = PBXShellScriptBuildPhase;
			buildActionMask = 2147483647;
			files = (
			);
			inputPaths = (
				"${PODS_PODFILE_DIR_PATH}/Podfile.lock",
				"${PODS_ROOT}/Manifest.lock",
			);
			name = "[CP] Check Pods Manifest.lock";
			outputPaths = (
				"$(DERIVED_FILE_DIR)/Pods-LoginUITests-checkManifestLockResult.txt",
			);
			runOnlyForDeploymentPostprocessing = 0;
			shellPath = /bin/sh;
			shellScript = "diff \"${PODS_PODFILE_DIR_PATH}/Podfile.lock\" \"${PODS_ROOT}/Manifest.lock\" > /dev/null\nif [ $? != 0 ] ; then\n    # print error to STDERR\n    echo \"error: The sandbox is not in sync with the Podfile.lock. Run 'pod install' or update your CocoaPods installation.\" >&2\n    exit 1\nfi\n# This output is used by Xcode 'outputs' to avoid re-running this script phase.\necho \"SUCCESS\" > \"${SCRIPT_OUTPUT_FILE_0}\"\n";
			showEnvVarsInLog = 0;
		};
		B86BA85098D155C03655C315 /* [CP] Embed Pods Frameworks */ = {
			isa = PBXShellScriptBuildPhase;
			buildActionMask = 2147483647;
			files = (
			);
			inputPaths = (
				"${SRCROOT}/Pods/Target Support Files/Pods-Login/Pods-Login-frameworks.sh",
				"${BUILT_PRODUCTS_DIR}/TweeTextField/TweeTextField.framework",
			);
			name = "[CP] Embed Pods Frameworks";
			outputPaths = (
				"${TARGET_BUILD_DIR}/${FRAMEWORKS_FOLDER_PATH}/TweeTextField.framework",
			);
			runOnlyForDeploymentPostprocessing = 0;
			shellPath = /bin/sh;
			shellScript = "\"${SRCROOT}/Pods/Target Support Files/Pods-Login/Pods-Login-frameworks.sh\"\n";
			showEnvVarsInLog = 0;
		};
		ED1AA51CC7DBE90B92F82B81 /* [CP] Check Pods Manifest.lock */ = {
			isa = PBXShellScriptBuildPhase;
			buildActionMask = 2147483647;
			files = (
			);
			inputPaths = (
				"${PODS_PODFILE_DIR_PATH}/Podfile.lock",
				"${PODS_ROOT}/Manifest.lock",
			);
			name = "[CP] Check Pods Manifest.lock";
			outputPaths = (
				"$(DERIVED_FILE_DIR)/Pods-Login-checkManifestLockResult.txt",
			);
			runOnlyForDeploymentPostprocessing = 0;
			shellPath = /bin/sh;
			shellScript = "diff \"${PODS_PODFILE_DIR_PATH}/Podfile.lock\" \"${PODS_ROOT}/Manifest.lock\" > /dev/null\nif [ $? != 0 ] ; then\n    # print error to STDERR\n    echo \"error: The sandbox is not in sync with the Podfile.lock. Run 'pod install' or update your CocoaPods installation.\" >&2\n    exit 1\nfi\n# This output is used by Xcode 'outputs' to avoid re-running this script phase.\necho \"SUCCESS\" > \"${SCRIPT_OUTPUT_FILE_0}\"\n";
			showEnvVarsInLog = 0;
		};
/* End PBXShellScriptBuildPhase section */

/* Begin PBXSourcesBuildPhase section */
		A8221AA5212D000600FE0DBD /* Sources */ = {
			isa = PBXSourcesBuildPhase;
			buildActionMask = 2147483647;
			files = (
				A8221AE6212D119600FE0DBD /* CornerView.swift in Sources */,
				A8221AAF212D000600FE0DBD /* ViewController.swift in Sources */,
				A8221ADD212D070200FE0DBD /* TweeAttributedTextField.swift in Sources */,
				A8221B2E212D429300FE0DBD /* RegisterViewController.swift in Sources */,
				A8221AE9212D2F0100FE0DBD /*  hideKeyboardWhenTappedAround .swift in Sources */,
				A8221B36212D679900FE0DBD /* Utils.swift in Sources */,
				A8221B33212D5ACC00FE0DBD /* HomeViewController.swift in Sources */,
				A8221AAD212D000600FE0DBD /* AppDelegate.swift in Sources */,
				A8221AE1212D0B1F00FE0DBD /* BackGroundVideo.swift in Sources */,
				A8221AEC212D3D3900FE0DBD /* CoreData.xcdatamodeld in Sources */,
			);
			runOnlyForDeploymentPostprocessing = 0;
		};
		A8221AB9212D000800FE0DBD /* Sources */ = {
			isa = PBXSourcesBuildPhase;
			buildActionMask = 2147483647;
			files = (
				A8221AC2212D000800FE0DBD /* LoginTests.swift in Sources */,
			);
			runOnlyForDeploymentPostprocessing = 0;
		};
		A8221AC4212D000800FE0DBD /* Sources */ = {
			isa = PBXSourcesBuildPhase;
			buildActionMask = 2147483647;
			files = (
				A8221ACD212D000800FE0DBD /* LoginUITests.swift in Sources */,
			);
			runOnlyForDeploymentPostprocessing = 0;
		};
/* End PBXSourcesBuildPhase section */

/* Begin PBXTargetDependency section */
		A8221ABF212D000800FE0DBD /* PBXTargetDependency */ = {
			isa = PBXTargetDependency;
			target = A8221AA8212D000600FE0DBD /* Login */;
			targetProxy = A8221ABE212D000800FE0DBD /* PBXContainerItemProxy */;
		};
		A8221ACA212D000800FE0DBD /* PBXTargetDependency */ = {
			isa = PBXTargetDependency;
			target = A8221AA8212D000600FE0DBD /* Login */;
			targetProxy = A8221AC9212D000800FE0DBD /* PBXContainerItemProxy */;
		};
/* End PBXTargetDependency section */

/* Begin PBXVariantGroup section */
		A8221AB0212D000600FE0DBD /* Main.storyboard */ = {
			isa = PBXVariantGroup;
			children = (
				A8221AB1212D000600FE0DBD /* Base */,
			);
			name = Main.storyboard;
			sourceTree = "<group>";
		};
		A8221AB5212D000700FE0DBD /* LaunchScreen.storyboard */ = {
			isa = PBXVariantGroup;
			children = (
				A8221AB6212D000700FE0DBD /* Base */,
			);
			name = LaunchScreen.storyboard;
			sourceTree = "<group>";
		};
/* End PBXVariantGroup section */

/* Begin XCBuildConfiguration section */
		A8221ACF212D000800FE0DBD /* Debug */ = {
			isa = XCBuildConfiguration;
			buildSettings = {
				ALWAYS_SEARCH_USER_PATHS = NO;
				CLANG_ANALYZER_NONNULL = YES;
				CLANG_ANALYZER_NUMBER_OBJECT_CONVERSION = YES_AGGRESSIVE;
				CLANG_CXX_LANGUAGE_STANDARD = "gnu++14";
				CLANG_CXX_LIBRARY = "libc++";
				CLANG_ENABLE_MODULES = YES;
				CLANG_ENABLE_OBJC_ARC = YES;
				CLANG_ENABLE_OBJC_WEAK = YES;
				CLANG_WARN_BLOCK_CAPTURE_AUTORELEASING = YES;
				CLANG_WARN_BOOL_CONVERSION = YES;
				CLANG_WARN_COMMA = YES;
				CLANG_WARN_CONSTANT_CONVERSION = YES;
				CLANG_WARN_DEPRECATED_OBJC_IMPLEMENTATIONS = YES;
				CLANG_WARN_DIRECT_OBJC_ISA_USAGE = YES_ERROR;
				CLANG_WARN_DOCUMENTATION_COMMENTS = YES;
				CLANG_WARN_EMPTY_BODY = YES;
				CLANG_WARN_ENUM_CONVERSION = YES;
				CLANG_WARN_INFINITE_RECURSION = YES;
				CLANG_WARN_INT_CONVERSION = YES;
				CLANG_WARN_NON_LITERAL_NULL_CONVERSION = YES;
				CLANG_WARN_OBJC_IMPLICIT_RETAIN_SELF = YES;
				CLANG_WARN_OBJC_LITERAL_CONVERSION = YES;
				CLANG_WARN_OBJC_ROOT_CLASS = YES_ERROR;
				CLANG_WARN_RANGE_LOOP_ANALYSIS = YES;
				CLANG_WARN_STRICT_PROTOTYPES = YES;
				CLANG_WARN_SUSPICIOUS_MOVE = YES;
				CLANG_WARN_UNGUARDED_AVAILABILITY = YES_AGGRESSIVE;
				CLANG_WARN_UNREACHABLE_CODE = YES;
				CLANG_WARN__DUPLICATE_METHOD_MATCH = YES;
				CODE_SIGN_IDENTITY = "iPhone Developer";
				COPY_PHASE_STRIP = NO;
				DEBUG_INFORMATION_FORMAT = dwarf;
				ENABLE_STRICT_OBJC_MSGSEND = YES;
				ENABLE_TESTABILITY = YES;
				GCC_C_LANGUAGE_STANDARD = gnu11;
				GCC_DYNAMIC_NO_PIC = NO;
				GCC_NO_COMMON_BLOCKS = YES;
				GCC_OPTIMIZATION_LEVEL = 0;
				GCC_PREPROCESSOR_DEFINITIONS = (
					"DEBUG=1",
					"$(inherited)",
				);
				GCC_WARN_64_TO_32_BIT_CONVERSION = YES;
				GCC_WARN_ABOUT_RETURN_TYPE = YES_ERROR;
				GCC_WARN_UNDECLARED_SELECTOR = YES;
				GCC_WARN_UNINITIALIZED_AUTOS = YES_AGGRESSIVE;
				GCC_WARN_UNUSED_FUNCTION = YES;
				GCC_WARN_UNUSED_VARIABLE = YES;
				IPHONEOS_DEPLOYMENT_TARGET = 11.4;
				MTL_ENABLE_DEBUG_INFO = YES;
				ONLY_ACTIVE_ARCH = YES;
				SDKROOT = iphoneos;
				SWIFT_ACTIVE_COMPILATION_CONDITIONS = DEBUG;
				SWIFT_OPTIMIZATION_LEVEL = "-Onone";
			};
			name = Debug;
		};
		A8221AD0212D000800FE0DBD /* Release */ = {
			isa = XCBuildConfiguration;
			buildSettings = {
				ALWAYS_SEARCH_USER_PATHS = NO;
				CLANG_ANALYZER_NONNULL = YES;
				CLANG_ANALYZER_NUMBER_OBJECT_CONVERSION = YES_AGGRESSIVE;
				CLANG_CXX_LANGUAGE_STANDARD = "gnu++14";
				CLANG_CXX_LIBRARY = "libc++";
				CLANG_ENABLE_MODULES = YES;
				CLANG_ENABLE_OBJC_ARC = YES;
				CLANG_ENABLE_OBJC_WEAK = YES;
				CLANG_WARN_BLOCK_CAPTURE_AUTORELEASING = YES;
				CLANG_WARN_BOOL_CONVERSION = YES;
				CLANG_WARN_COMMA = YES;
				CLANG_WARN_CONSTANT_CONVERSION = YES;
				CLANG_WARN_DEPRECATED_OBJC_IMPLEMENTATIONS = YES;
				CLANG_WARN_DIRECT_OBJC_ISA_USAGE = YES_ERROR;
				CLANG_WARN_DOCUMENTATION_COMMENTS = YES;
				CLANG_WARN_EMPTY_BODY = YES;
				CLANG_WARN_ENUM_CONVERSION = YES;
				CLANG_WARN_INFINITE_RECURSION = YES;
				CLANG_WARN_INT_CONVERSION = YES;
				CLANG_WARN_NON_LITERAL_NULL_CONVERSION = YES;
				CLANG_WARN_OBJC_IMPLICIT_RETAIN_SELF = YES;
				CLANG_WARN_OBJC_LITERAL_CONVERSION = YES;
				CLANG_WARN_OBJC_ROOT_CLASS = YES_ERROR;
				CLANG_WARN_RANGE_LOOP_ANALYSIS = YES;
				CLANG_WARN_STRICT_PROTOTYPES = YES;
				CLANG_WARN_SUSPICIOUS_MOVE = YES;
				CLANG_WARN_UNGUARDED_AVAILABILITY = YES_AGGRESSIVE;
				CLANG_WARN_UNREACHABLE_CODE = YES;
				CLANG_WARN__DUPLICATE_METHOD_MATCH = YES;
				CODE_SIGN_IDENTITY = "iPhone Developer";
				COPY_PHASE_STRIP = NO;
				DEBUG_INFORMATION_FORMAT = "dwarf-with-dsym";
				ENABLE_NS_ASSERTIONS = NO;
				ENABLE_STRICT_OBJC_MSGSEND = YES;
				GCC_C_LANGUAGE_STANDARD = gnu11;
				GCC_NO_COMMON_BLOCKS = YES;
				GCC_WARN_64_TO_32_BIT_CONVERSION = YES;
				GCC_WARN_ABOUT_RETURN_TYPE = YES_ERROR;
				GCC_WARN_UNDECLARED_SELECTOR = YES;
				GCC_WARN_UNINITIALIZED_AUTOS = YES_AGGRESSIVE;
				GCC_WARN_UNUSED_FUNCTION = YES;
				GCC_WARN_UNUSED_VARIABLE = YES;
				IPHONEOS_DEPLOYMENT_TARGET = 11.4;
				MTL_ENABLE_DEBUG_INFO = NO;
				SDKROOT = iphoneos;
				SWIFT_COMPILATION_MODE = wholemodule;
				SWIFT_OPTIMIZATION_LEVEL = "-O";
				VALIDATE_PRODUCT = YES;
			};
			name = Release;
		};
		A8221AD2212D000800FE0DBD /* Debug */ = {
			isa = XCBuildConfiguration;
			baseConfigurationReference = 3C9C2EBDF08049C3BF5431C0 /* Pods-Login.debug.xcconfig */;
			buildSettings = {
				ASSETCATALOG_COMPILER_APPICON_NAME = AppIcon;
				CODE_SIGN_STYLE = Automatic;
				DEVELOPMENT_TEAM = "";
				INFOPLIST_FILE = Login/Info.plist;
				LD_RUNPATH_SEARCH_PATHS = (
					"$(inherited)",
					"@executable_path/Frameworks",
				);
				PRODUCT_BUNDLE_IDENTIFIER = ITSOL.Login;
				PRODUCT_NAME = "$(TARGET_NAME)";
				SWIFT_VERSION = 4.0;
				TARGETED_DEVICE_FAMILY = "1,2";
			};
			name = Debug;
		};
		A8221AD3212D000800FE0DBD /* Release */ = {
			isa = XCBuildConfiguration;
			baseConfigurationReference = 130A06866C525699083F0F0A /* Pods-Login.release.xcconfig */;
			buildSettings = {
				ASSETCATALOG_COMPILER_APPICON_NAME = AppIcon;
				CODE_SIGN_STYLE = Automatic;
				DEVELOPMENT_TEAM = "";
				INFOPLIST_FILE = Login/Info.plist;
				LD_RUNPATH_SEARCH_PATHS = (
					"$(inherited)",
					"@executable_path/Frameworks",
				);
				PRODUCT_BUNDLE_IDENTIFIER = ITSOL.Login;
				PRODUCT_NAME = "$(TARGET_NAME)";
				SWIFT_VERSION = 4.0;
				TARGETED_DEVICE_FAMILY = "1,2";
			};
			name = Release;
		};
		A8221AD5212D000800FE0DBD /* Debug */ = {
			isa = XCBuildConfiguration;
			baseConfigurationReference = 2CC6170A43181EEF9508F2D9 /* Pods-LoginTests.debug.xcconfig */;
			buildSettings = {
				ALWAYS_EMBED_SWIFT_STANDARD_LIBRARIES = YES;
				BUNDLE_LOADER = "$(TEST_HOST)";
				CODE_SIGN_STYLE = Automatic;
				DEVELOPMENT_TEAM = WA7JZCPK6Y;
				INFOPLIST_FILE = LoginTests/Info.plist;
				LD_RUNPATH_SEARCH_PATHS = (
					"$(inherited)",
					"@executable_path/Frameworks",
					"@loader_path/Frameworks",
				);
				PRODUCT_BUNDLE_IDENTIFIER = ITSOL.LoginTests;
				PRODUCT_NAME = "$(TARGET_NAME)";
				SWIFT_VERSION = 4.0;
				TARGETED_DEVICE_FAMILY = "1,2";
				TEST_HOST = "$(BUILT_PRODUCTS_DIR)/Login.app/Login";
			};
			name = Debug;
		};
		A8221AD6212D000800FE0DBD /* Release */ = {
			isa = XCBuildConfiguration;
			baseConfigurationReference = 2D8DC8404FDB0E3337D50B6D /* Pods-LoginTests.release.xcconfig */;
			buildSettings = {
				ALWAYS_EMBED_SWIFT_STANDARD_LIBRARIES = YES;
				BUNDLE_LOADER = "$(TEST_HOST)";
				CODE_SIGN_STYLE = Automatic;
				DEVELOPMENT_TEAM = WA7JZCPK6Y;
				INFOPLIST_FILE = LoginTests/Info.plist;
				LD_RUNPATH_SEARCH_PATHS = (
					"$(inherited)",
					"@executable_path/Frameworks",
					"@loader_path/Frameworks",
				);
				PRODUCT_BUNDLE_IDENTIFIER = ITSOL.LoginTests;
				PRODUCT_NAME = "$(TARGET_NAME)";
				SWIFT_VERSION = 4.0;
				TARGETED_DEVICE_FAMILY = "1,2";
				TEST_HOST = "$(BUILT_PRODUCTS_DIR)/Login.app/Login";
			};
			name = Release;
		};
		A8221AD8212D000800FE0DBD /* Debug */ = {
			isa = XCBuildConfiguration;
			baseConfigurationReference = 694AAC066E1C288644A72484 /* Pods-LoginUITests.debug.xcconfig */;
			buildSettings = {
				ALWAYS_EMBED_SWIFT_STANDARD_LIBRARIES = YES;
				CODE_SIGN_STYLE = Automatic;
				DEVELOPMENT_TEAM = WA7JZCPK6Y;
				INFOPLIST_FILE = LoginUITests/Info.plist;
				LD_RUNPATH_SEARCH_PATHS = (
					"$(inherited)",
					"@executable_path/Frameworks",
					"@loader_path/Frameworks",
				);
				PRODUCT_BUNDLE_IDENTIFIER = ITSOL.LoginUITests;
				PRODUCT_NAME = "$(TARGET_NAME)";
				SWIFT_VERSION = 4.0;
				TARGETED_DEVICE_FAMILY = "1,2";
				TEST_TARGET_NAME = Login;
			};
			name = Debug;
		};
		A8221AD9212D000800FE0DBD /* Release */ = {
			isa = XCBuildConfiguration;
			baseConfigurationReference = C493656022338DEA97C020BC /* Pods-LoginUITests.release.xcconfig */;
			buildSettings = {
				ALWAYS_EMBED_SWIFT_STANDARD_LIBRARIES = YES;
				CODE_SIGN_STYLE = Automatic;
				DEVELOPMENT_TEAM = WA7JZCPK6Y;
				INFOPLIST_FILE = LoginUITests/Info.plist;
				LD_RUNPATH_SEARCH_PATHS = (
					"$(inherited)",
					"@executable_path/Frameworks",
					"@loader_path/Frameworks",
				);
				PRODUCT_BUNDLE_IDENTIFIER = ITSOL.LoginUITests;
				PRODUCT_NAME = "$(TARGET_NAME)";
				SWIFT_VERSION = 4.0;
				TARGETED_DEVICE_FAMILY = "1,2";
				TEST_TARGET_NAME = Login;
			};
			name = Release;
		};
/* End XCBuildConfiguration section */

/* Begin XCConfigurationList section */
		A8221AA4212D000600FE0DBD /* Build configuration list for PBXProject "Login" */ = {
			isa = XCConfigurationList;
			buildConfigurations = (
				A8221ACF212D000800FE0DBD /* Debug */,
				A8221AD0212D000800FE0DBD /* Release */,
			);
			defaultConfigurationIsVisible = 0;
			defaultConfigurationName = Release;
		};
		A8221AD1212D000800FE0DBD /* Build configuration list for PBXNativeTarget "Login" */ = {
			isa = XCConfigurationList;
			buildConfigurations = (
				A8221AD2212D000800FE0DBD /* Debug */,
				A8221AD3212D000800FE0DBD /* Release */,
			);
			defaultConfigurationIsVisible = 0;
			defaultConfigurationName = Release;
		};
		A8221AD4212D000800FE0DBD /* Build configuration list for PBXNativeTarget "LoginTests" */ = {
			isa = XCConfigurationList;
			buildConfigurations = (
				A8221AD5212D000800FE0DBD /* Debug */,
				A8221AD6212D000800FE0DBD /* Release */,
			);
			defaultConfigurationIsVisible = 0;
			defaultConfigurationName = Release;
		};
		A8221AD7212D000800FE0DBD /* Build configuration list for PBXNativeTarget "LoginUITests" */ = {
			isa = XCConfigurationList;
			buildConfigurations = (
				A8221AD8212D000800FE0DBD /* Debug */,
				A8221AD9212D000800FE0DBD /* Release */,
			);
			defaultConfigurationIsVisible = 0;
			defaultConfigurationName = Release;
		};
/* End XCConfigurationList section */

/* Begin XCVersionGroup section */
		A8221AEA212D3D3900FE0DBD /* CoreData.xcdatamodeld */ = {
			isa = XCVersionGroup;
			children = (
				A8221AEB212D3D3900FE0DBD /* CoreData.xcdatamodel */,
			);
			currentVersion = A8221AEB212D3D3900FE0DBD /* CoreData.xcdatamodel */;
			path = CoreData.xcdatamodeld;
			sourceTree = "<group>";
			versionGroupType = wrapper.xcdatamodel;
		};
/* End XCVersionGroup section */
	};
	rootObject = A8221AA1212D000600FE0DBD /* Project object */;
}
